// !$*UTF8*$!
{
	archiveVersion = 1;
	classes = {
	};
	objectVersion = 55;
	objects = {

/* Begin PBXBuildFile section */
		97E30F8128469A760084B3E6 /* AppDelegate.swift in Sources */ = {isa = PBXBuildFile; fileRef = 97E30F8028469A760084B3E6 /* AppDelegate.swift */; };
		97E30F8328469A760084B3E6 /* SceneDelegate.swift in Sources */ = {isa = PBXBuildFile; fileRef = 97E30F8228469A760084B3E6 /* SceneDelegate.swift */; };
		97E30F8828469A760084B3E6 /* Main.storyboard in Resources */ = {isa = PBXBuildFile; fileRef = 97E30F8628469A760084B3E6 /* Main.storyboard */; };
		97E30F8B28469A760084B3E6 /* HackerNews.xcdatamodeld in Sources */ = {isa = PBXBuildFile; fileRef = 97E30F8928469A760084B3E6 /* HackerNews.xcdatamodeld */; };
		97E30F8D28469A790084B3E6 /* Assets.xcassets in Resources */ = {isa = PBXBuildFile; fileRef = 97E30F8C28469A790084B3E6 /* Assets.xcassets */; };
		97E30F9028469A790084B3E6 /* LaunchScreen.storyboard in Resources */ = {isa = PBXBuildFile; fileRef = 97E30F8E28469A790084B3E6 /* LaunchScreen.storyboard */; };
		97E30F9928469C100084B3E6 /* ApiConnection.swift in Sources */ = {isa = PBXBuildFile; fileRef = 97E30F9828469C100084B3E6 /* ApiConnection.swift */; };
		97E30F9C28469DC90084B3E6 /* Util.swift in Sources */ = {isa = PBXBuildFile; fileRef = 97E30F9B28469DC90084B3E6 /* Util.swift */; };
		97E30F9E28469E530084B3E6 /* Messages.swift in Sources */ = {isa = PBXBuildFile; fileRef = 97E30F9D28469E530084B3E6 /* Messages.swift */; };
		97E30FA12846A4950084B3E6 /* NewsData.swift in Sources */ = {isa = PBXBuildFile; fileRef = 97E30FA02846A4950084B3E6 /* NewsData.swift */; };
		97E30FA52846AC9A0084B3E6 /* MainTableViewCell.swift in Sources */ = {isa = PBXBuildFile; fileRef = 97E30FA42846AC9A0084B3E6 /* MainTableViewCell.swift */; };
		97E30FA82846BD130084B3E6 /* DetailViewController.swift in Sources */ = {isa = PBXBuildFile; fileRef = 97E30FA72846BD130084B3E6 /* DetailViewController.swift */; };
		97E30FAD284709820084B3E6 /* NewsQueries.swift in Sources */ = {isa = PBXBuildFile; fileRef = 97E30FAC284709820084B3E6 /* NewsQueries.swift */; };
		97E30FAF28479A010084B3E6 /* MainViewController.swift in Sources */ = {isa = PBXBuildFile; fileRef = 97E30FAE28479A010084B3E6 /* MainViewController.swift */; };
/* End PBXBuildFile section */

/* Begin PBXFileReference section */
		97E30F7D28469A760084B3E6 /* reign.app */ = {isa = PBXFileReference; explicitFileType = wrapper.application; includeInIndex = 0; path = reign.app; sourceTree = BUILT_PRODUCTS_DIR; };
		97E30F8028469A760084B3E6 /* AppDelegate.swift */ = {isa = PBXFileReference; lastKnownFileType = sourcecode.swift; path = AppDelegate.swift; sourceTree = "<group>"; };
		97E30F8228469A760084B3E6 /* SceneDelegate.swift */ = {isa = PBXFileReference; lastKnownFileType = sourcecode.swift; path = SceneDelegate.swift; sourceTree = "<group>"; };
		97E30F8728469A760084B3E6 /* Base */ = {isa = PBXFileReference; lastKnownFileType = file.storyboard; name = Base; path = Base.lproj/Main.storyboard; sourceTree = "<group>"; };
		97E30F8A28469A760084B3E6 /* reign.xcdatamodel */ = {isa = PBXFileReference; lastKnownFileType = wrapper.xcdatamodel; path = reign.xcdatamodel; sourceTree = "<group>"; };
		97E30F8C28469A790084B3E6 /* Assets.xcassets */ = {isa = PBXFileReference; lastKnownFileType = folder.assetcatalog; path = Assets.xcassets; sourceTree = "<group>"; };
		97E30F8F28469A790084B3E6 /* Base */ = {isa = PBXFileReference; lastKnownFileType = file.storyboard; name = Base; path = Base.lproj/LaunchScreen.storyboard; sourceTree = "<group>"; };
		97E30F9128469A790084B3E6 /* Info.plist */ = {isa = PBXFileReference; lastKnownFileType = text.plist.xml; path = Info.plist; sourceTree = "<group>"; };
		97E30F9828469C100084B3E6 /* ApiConnection.swift */ = {isa = PBXFileReference; lastKnownFileType = sourcecode.swift; path = ApiConnection.swift; sourceTree = "<group>"; };
		97E30F9B28469DC90084B3E6 /* Util.swift */ = {isa = PBXFileReference; lastKnownFileType = sourcecode.swift; path = Util.swift; sourceTree = "<group>"; };
		97E30F9D28469E530084B3E6 /* Messages.swift */ = {isa = PBXFileReference; lastKnownFileType = sourcecode.swift; path = Messages.swift; sourceTree = "<group>"; };
		97E30FA02846A4950084B3E6 /* NewsData.swift */ = {isa = PBXFileReference; lastKnownFileType = sourcecode.swift; path = NewsData.swift; sourceTree = "<group>"; };
		97E30FA42846AC9A0084B3E6 /* MainTableViewCell.swift */ = {isa = PBXFileReference; lastKnownFileType = sourcecode.swift; path = MainTableViewCell.swift; sourceTree = "<group>"; };
		97E30FA72846BD130084B3E6 /* DetailViewController.swift */ = {isa = PBXFileReference; lastKnownFileType = sourcecode.swift; path = DetailViewController.swift; sourceTree = "<group>"; };
		97E30FAC284709820084B3E6 /* NewsQueries.swift */ = {isa = PBXFileReference; lastKnownFileType = sourcecode.swift; path = NewsQueries.swift; sourceTree = "<group>"; };
		97E30FAE28479A010084B3E6 /* MainViewController.swift */ = {isa = PBXFileReference; lastKnownFileType = sourcecode.swift; path = MainViewController.swift; sourceTree = "<group>"; };
/* End PBXFileReference section */

/* Begin PBXFrameworksBuildPhase section */
		97E30F7A28469A750084B3E6 /* Frameworks */ = {
			isa = PBXFrameworksBuildPhase;
			buildActionMask = 2147483647;
			files = (
			);
			runOnlyForDeploymentPostprocessing = 0;
		};
/* End PBXFrameworksBuildPhase section */

/* Begin PBXGroup section */
		97E30F7428469A750084B3E6 = {
			isa = PBXGroup;
			children = (
				97E30F7F28469A760084B3E6 /* reign */,
				97E30F7E28469A760084B3E6 /* Products */,
			);
			sourceTree = "<group>";
		};
		97E30F7E28469A760084B3E6 /* Products */ = {
			isa = PBXGroup;
			children = (
				97E30F7D28469A760084B3E6 /* reign.app */,
			);
			name = Products;
			sourceTree = "<group>";
		};
		97E30F7F28469A760084B3E6 /* reign */ = {
			isa = PBXGroup;
			children = (
				97E30F9F2846A4730084B3E6 /* NewsMain */,
				97E30FA62846BCE70084B3E6 /* NewsDetail */,
				97E30FAB284709050084B3E6 /* DataBase */,
				97E30F9A28469CD10084B3E6 /* Config */,
				97E30F9728469BF20084B3E6 /* Utilities */,
				97E30F8628469A760084B3E6 /* Main.storyboard */,
				97E30F8C28469A790084B3E6 /* Assets.xcassets */,
				97E30F8E28469A790084B3E6 /* LaunchScreen.storyboard */,
				97E30F9128469A790084B3E6 /* Info.plist */,
			);
			path = reign;
			sourceTree = "<group>";
		};
		97E30F9728469BF20084B3E6 /* Utilities */ = {
			isa = PBXGroup;
			children = (
				97E30F9828469C100084B3E6 /* ApiConnection.swift */,
				97E30F9D28469E530084B3E6 /* Messages.swift */,
				97E30F9B28469DC90084B3E6 /* Util.swift */,
			);
			path = Utilities;
			sourceTree = "<group>";
		};
		97E30F9A28469CD10084B3E6 /* Config */ = {
			isa = PBXGroup;
			children = (
				97E30F8028469A760084B3E6 /* AppDelegate.swift */,
				97E30F8228469A760084B3E6 /* SceneDelegate.swift */,
			);
			path = Config;
			sourceTree = "<group>";
		};
		97E30F9F2846A4730084B3E6 /* NewsMain */ = {
			isa = PBXGroup;
			children = (
				97E30FAE28479A010084B3E6 /* MainViewController.swift */,
				97E30FA42846AC9A0084B3E6 /* MainTableViewCell.swift */,
				97E30FA02846A4950084B3E6 /* NewsData.swift */,
			);
			path = NewsMain;
			sourceTree = "<group>";
		};
		97E30FA62846BCE70084B3E6 /* NewsDetail */ = {
			isa = PBXGroup;
			children = (
				97E30FA72846BD130084B3E6 /* DetailViewController.swift */,
			);
			path = NewsDetail;
			sourceTree = "<group>";
		};
		97E30FAB284709050084B3E6 /* DataBase */ = {
			isa = PBXGroup;
			children = (
				97E30FAC284709820084B3E6 /* NewsQueries.swift */,
				97E30F8928469A760084B3E6 /* HackerNews.xcdatamodeld */,
			);
			path = DataBase;
			sourceTree = "<group>";
		};
/* End PBXGroup section */

/* Begin PBXNativeTarget section */
		97E30F7C28469A750084B3E6 /* reign */ = {
			isa = PBXNativeTarget;
			buildConfigurationList = 97E30F9428469A790084B3E6 /* Build configuration list for PBXNativeTarget "reign" */;
			buildPhases = (
				97E30F7928469A750084B3E6 /* Sources */,
				97E30F7A28469A750084B3E6 /* Frameworks */,
				97E30F7B28469A750084B3E6 /* Resources */,
			);
			buildRules = (
			);
			dependencies = (
			);
			name = reign;
			productName = reign;
			productReference = 97E30F7D28469A760084B3E6 /* reign.app */;
			productType = "com.apple.product-type.application";
		};
/* End PBXNativeTarget section */

/* Begin PBXProject section */
		97E30F7528469A750084B3E6 /* Project object */ = {
			isa = PBXProject;
			attributes = {
				BuildIndependentTargetsInParallel = 1;
				LastSwiftUpdateCheck = 1320;
				LastUpgradeCheck = 1320;
				TargetAttributes = {
					97E30F7C28469A750084B3E6 = {
						CreatedOnToolsVersion = 13.2.1;
					};
				};
			};
			buildConfigurationList = 97E30F7828469A750084B3E6 /* Build configuration list for PBXProject "reign" */;
			compatibilityVersion = "Xcode 13.0";
			developmentRegion = en;
			hasScannedForEncodings = 0;
			knownRegions = (
				en,
				Base,
			);
			mainGroup = 97E30F7428469A750084B3E6;
			productRefGroup = 97E30F7E28469A760084B3E6 /* Products */;
			projectDirPath = "";
			projectRoot = "";
			targets = (
				97E30F7C28469A750084B3E6 /* reign */,
			);
		};
/* End PBXProject section */

/* Begin PBXResourcesBuildPhase section */
		97E30F7B28469A750084B3E6 /* Resources */ = {
			isa = PBXResourcesBuildPhase;
			buildActionMask = 2147483647;
			files = (
				97E30F9028469A790084B3E6 /* LaunchScreen.storyboard in Resources */,
				97E30F8D28469A790084B3E6 /* Assets.xcassets in Resources */,
				97E30F8828469A760084B3E6 /* Main.storyboard in Resources */,
			);
			runOnlyForDeploymentPostprocessing = 0;
		};
/* End PBXResourcesBuildPhase section */

/* Begin PBXSourcesBuildPhase section */
		97E30F7928469A750084B3E6 /* Sources */ = {
			isa = PBXSourcesBuildPhase;
			buildActionMask = 2147483647;
			files = (
				97E30FA12846A4950084B3E6 /* NewsData.swift in Sources */,
				97E30F9C28469DC90084B3E6 /* Util.swift in Sources */,
				97E30FAD284709820084B3E6 /* NewsQueries.swift in Sources */,
				97E30FAF28479A010084B3E6 /* MainViewController.swift in Sources */,
				97E30F9928469C100084B3E6 /* ApiConnection.swift in Sources */,
				97E30FA52846AC9A0084B3E6 /* MainTableViewCell.swift in Sources */,
				97E30F9E28469E530084B3E6 /* Messages.swift in Sources */,
				97E30F8128469A760084B3E6 /* AppDelegate.swift in Sources */,
				97E30FA82846BD130084B3E6 /* DetailViewController.swift in Sources */,
				97E30F8328469A760084B3E6 /* SceneDelegate.swift in Sources */,
				97E30F8B28469A760084B3E6 /* HackerNews.xcdatamodeld in Sources */,
			);
			runOnlyForDeploymentPostprocessing = 0;
		};
/* End PBXSourcesBuildPhase section */

/* Begin PBXVariantGroup section */
		97E30F8628469A760084B3E6 /* Main.storyboard */ = {
			isa = PBXVariantGroup;
			children = (
				97E30F8728469A760084B3E6 /* Base */,
			);
			name = Main.storyboard;
			sourceTree = "<group>";
		};
		97E30F8E28469A790084B3E6 /* LaunchScreen.storyboard */ = {
			isa = PBXVariantGroup;
			children = (
				97E30F8F28469A790084B3E6 /* Base */,
			);
			name = LaunchScreen.storyboard;
			sourceTree = "<group>";
		};
/* End PBXVariantGroup section */

/* Begin XCBuildConfiguration section */
		97E30F9228469A790084B3E6 /* Debug */ = {
			isa = XCBuildConfiguration;
			buildSettings = {
				ALWAYS_SEARCH_USER_PATHS = NO;
				CLANG_ANALYZER_NONNULL = YES;
				CLANG_ANALYZER_NUMBER_OBJECT_CONVERSION = YES_AGGRESSIVE;
				CLANG_CXX_LANGUAGE_STANDARD = "gnu++17";
				CLANG_CXX_LIBRARY = "libc++";
				CLANG_ENABLE_MODULES = YES;
				CLANG_ENABLE_OBJC_ARC = YES;
				CLANG_ENABLE_OBJC_WEAK = YES;
				CLANG_WARN_BLOCK_CAPTURE_AUTORELEASING = YES;
				CLANG_WARN_BOOL_CONVERSION = YES;
				CLANG_WARN_COMMA = YES;
				CLANG_WARN_CONSTANT_CONVERSION = YES;
				CLANG_WARN_DEPRECATED_OBJC_IMPLEMENTATIONS = YES;
				CLANG_WARN_DIRECT_OBJC_ISA_USAGE = YES_ERROR;
				CLANG_WARN_DOCUMENTATION_COMMENTS = YES;
				CLANG_WARN_EMPTY_BODY = YES;
				CLANG_WARN_ENUM_CONVERSION = YES;
				CLANG_WARN_INFINITE_RECURSION = YES;
				CLANG_WARN_INT_CONVERSION = YES;
				CLANG_WARN_NON_LITERAL_NULL_CONVERSION = YES;
				CLANG_WARN_OBJC_IMPLICIT_RETAIN_SELF = YES;
				CLANG_WARN_OBJC_LITERAL_CONVERSION = YES;
				CLANG_WARN_OBJC_ROOT_CLASS = YES_ERROR;
				CLANG_WARN_QUOTED_INCLUDE_IN_FRAMEWORK_HEADER = YES;
				CLANG_WARN_RANGE_LOOP_ANALYSIS = YES;
				CLANG_WARN_STRICT_PROTOTYPES = YES;
				CLANG_WARN_SUSPICIOUS_MOVE = YES;
				CLANG_WARN_UNGUARDED_AVAILABILITY = YES_AGGRESSIVE;
				CLANG_WARN_UNREACHABLE_CODE = YES;
				CLANG_WARN__DUPLICATE_METHOD_MATCH = YES;
				COPY_PHASE_STRIP = NO;
				DEBUG_INFORMATION_FORMAT = dwarf;
				ENABLE_STRICT_OBJC_MSGSEND = YES;
				ENABLE_TESTABILITY = YES;
				GCC_C_LANGUAGE_STANDARD = gnu11;
				GCC_DYNAMIC_NO_PIC = NO;
				GCC_NO_COMMON_BLOCKS = YES;
				GCC_OPTIMIZATION_LEVEL = 0;
				GCC_PREPROCESSOR_DEFINITIONS = (
					"DEBUG=1",
					"$(inherited)",
				);
				GCC_WARN_64_TO_32_BIT_CONVERSION = YES;
				GCC_WARN_ABOUT_RETURN_TYPE = YES_ERROR;
				GCC_WARN_UNDECLARED_SELECTOR = YES;
				GCC_WARN_UNINITIALIZED_AUTOS = YES_AGGRESSIVE;
				GCC_WARN_UNUSED_FUNCTION = YES;
				GCC_WARN_UNUSED_VARIABLE = YES;
				IPHONEOS_DEPLOYMENT_TARGET = 15.2;
				MTL_ENABLE_DEBUG_INFO = INCLUDE_SOURCE;
				MTL_FAST_MATH = YES;
				ONLY_ACTIVE_ARCH = YES;
				SDKROOT = iphoneos;
				SWIFT_ACTIVE_COMPILATION_CONDITIONS = DEBUG;
				SWIFT_OPTIMIZATION_LEVEL = "-Onone";
			};
			name = Debug;
		};
		97E30F9328469A790084B3E6 /* Release */ = {
			isa = XCBuildConfiguration;
			buildSettings = {
				ALWAYS_SEARCH_USER_PATHS = NO;
				CLANG_ANALYZER_NONNULL = YES;
				CLANG_ANALYZER_NUMBER_OBJECT_CONVERSION = YES_AGGRESSIVE;
				CLANG_CXX_LANGUAGE_STANDARD = "gnu++17";
				CLANG_CXX_LIBRARY = "libc++";
				CLANG_ENABLE_MODULES = YES;
				CLANG_ENABLE_OBJC_ARC = YES;
				CLANG_ENABLE_OBJC_WEAK = YES;
				CLANG_WARN_BLOCK_CAPTURE_AUTORELEASING = YES;
				CLANG_WARN_BOOL_CONVERSION = YES;
				CLANG_WARN_COMMA = YES;
				CLANG_WARN_CONSTANT_CONVERSION = YES;
				CLANG_WARN_DEPRECATED_OBJC_IMPLEMENTATIONS = YES;
				CLANG_WARN_DIRECT_OBJC_ISA_USAGE = YES_ERROR;
				CLANG_WARN_DOCUMENTATION_COMMENTS = YES;
				CLANG_WARN_EMPTY_BODY = YES;
				CLANG_WARN_ENUM_CONVERSION = YES;
				CLANG_WARN_INFINITE_RECURSION = YES;
				CLANG_WARN_INT_CONVERSION = YES;
				CLANG_WARN_NON_LITERAL_NULL_CONVERSION = YES;
				CLANG_WARN_OBJC_IMPLICIT_RETAIN_SELF = YES;
				CLANG_WARN_OBJC_LITERAL_CONVERSION = YES;
				CLANG_WARN_OBJC_ROOT_CLASS = YES_ERROR;
				CLANG_WARN_QUOTED_INCLUDE_IN_FRAMEWORK_HEADER = YES;
				CLANG_WARN_RANGE_LOOP_ANALYSIS = YES;
				CLANG_WARN_STRICT_PROTOTYPES = YES;
				CLANG_WARN_SUSPICIOUS_MOVE = YES;
				CLANG_WARN_UNGUARDED_AVAILABILITY = YES_AGGRESSIVE;
				CLANG_WARN_UNREACHABLE_CODE = YES;
				CLANG_WARN__DUPLICATE_METHOD_MATCH = YES;
				COPY_PHASE_STRIP = NO;
				DEBUG_INFORMATION_FORMAT = "dwarf-with-dsym";
				ENABLE_NS_ASSERTIONS = NO;
				ENABLE_STRICT_OBJC_MSGSEND = YES;
				GCC_C_LANGUAGE_STANDARD = gnu11;
				GCC_NO_COMMON_BLOCKS = YES;
				GCC_WARN_64_TO_32_BIT_CONVERSION = YES;
				GCC_WARN_ABOUT_RETURN_TYPE = YES_ERROR;
				GCC_WARN_UNDECLARED_SELECTOR = YES;
				GCC_WARN_UNINITIALIZED_AUTOS = YES_AGGRESSIVE;
				GCC_WARN_UNUSED_FUNCTION = YES;
				GCC_WARN_UNUSED_VARIABLE = YES;
				IPHONEOS_DEPLOYMENT_TARGET = 15.2;
				MTL_ENABLE_DEBUG_INFO = NO;
				MTL_FAST_MATH = YES;
				SDKROOT = iphoneos;
				SWIFT_COMPILATION_MODE = wholemodule;
				SWIFT_OPTIMIZATION_LEVEL = "-O";
				VALIDATE_PRODUCT = YES;
			};
			name = Release;
		};
		97E30F9528469A790084B3E6 /* Debug */ = {
			isa = XCBuildConfiguration;
			buildSettings = {
				ASSETCATALOG_COMPILER_APPICON_NAME = AppIcon;
				ASSETCATALOG_COMPILER_GLOBAL_ACCENT_COLOR_NAME = AccentColor;
				CODE_SIGN_STYLE = Automatic;
				CURRENT_PROJECT_VERSION = 1;
				DEVELOPMENT_TEAM = 475939Z3R3;
				GENERATE_INFOPLIST_FILE = YES;
				INFOPLIST_FILE = reign/Info.plist;
				INFOPLIST_KEY_CFBundleDisplayName = HackerNews;
				INFOPLIST_KEY_UIApplicationSupportsIndirectInputEvents = YES;
				INFOPLIST_KEY_UILaunchStoryboardName = LaunchScreen;
				INFOPLIST_KEY_UIMainStoryboardFile = Main;
				INFOPLIST_KEY_UISupportedInterfaceOrientations_iPad = "UIInterfaceOrientationPortrait UIInterfaceOrientationPortraitUpsideDown UIInterfaceOrientationLandscapeLeft UIInterfaceOrientationLandscapeRight";
				INFOPLIST_KEY_UISupportedInterfaceOrientations_iPhone = "UIInterfaceOrientationPortrait UIInterfaceOrientationLandscapeLeft UIInterfaceOrientationLandscapeRight";
				LD_RUNPATH_SEARCH_PATHS = (
					"$(inherited)",
					"@executable_path/Frameworks",
				);
				MARKETING_VERSION = 1.0;
				PRODUCT_BUNDLE_IDENTIFIER = cl.ione.reign;
				PRODUCT_NAME = "$(TARGET_NAME)";
				SWIFT_EMIT_LOC_STRINGS = YES;
				SWIFT_VERSION = 5.0;
				TARGETED_DEVICE_FAMILY = 1;
			};
			name = Debug;
		};
		97E30F9628469A790084B3E6 /* Release */ = {
			isa = XCBuildConfiguration;
			buildSettings = {
				ASSETCATALOG_COMPILER_APPICON_NAME = AppIcon;
				ASSETCATALOG_COMPILER_GLOBAL_ACCENT_COLOR_NAME = AccentColor;
				CODE_SIGN_STYLE = Automatic;
				CURRENT_PROJECT_VERSION = 1;
				DEVELOPMENT_TEAM = 475939Z3R3;
				GENERATE_INFOPLIST_FILE = YES;
				INFOPLIST_FILE = reign/Info.plist;
				INFOPLIST_KEY_CFBundleDisplayName = HackerNews;
				INFOPLIST_KEY_UIApplicationSupportsIndirectInputEvents = YES;
				INFOPLIST_KEY_UILaunchStoryboardName = LaunchScreen;
				INFOPLIST_KEY_UIMainStoryboardFile = Main;
				INFOPLIST_KEY_UISupportedInterfaceOrientations_iPad = "UIInterfaceOrientationPortrait UIInterfaceOrientationPortraitUpsideDown UIInterfaceOrientationLandscapeLeft UIInterfaceOrientationLandscapeRight";
				INFOPLIST_KEY_UISupportedInterfaceOrientations_iPhone = "UIInterfaceOrientationPortrait UIInterfaceOrientationLandscapeLeft UIInterfaceOrientationLandscapeRight";
				LD_RUNPATH_SEARCH_PATHS = (
					"$(inherited)",
					"@executable_path/Frameworks",
				);
				MARKETING_VERSION = 1.0;
				PRODUCT_BUNDLE_IDENTIFIER = cl.ione.reign;
				PRODUCT_NAME = "$(TARGET_NAME)";
				SWIFT_EMIT_LOC_STRINGS = YES;
				SWIFT_VERSION = 5.0;
				TARGETED_DEVICE_FAMILY = 1;
			};
			name = Release;
		};
/* End XCBuildConfiguration section */

/* Begin XCConfigurationList section */
		97E30F7828469A750084B3E6 /* Build configuration list for PBXProject "reign" */ = {
			isa = XCConfigurationList;
			buildConfigurations = (
				97E30F9228469A790084B3E6 /* Debug */,
				97E30F9328469A790084B3E6 /* Release */,
			);
			defaultConfigurationIsVisible = 0;
			defaultConfigurationName = Release;
		};
		97E30F9428469A790084B3E6 /* Build configuration list for PBXNativeTarget "reign" */ = {
			isa = XCConfigurationList;
			buildConfigurations = (
				97E30F9528469A790084B3E6 /* Debug */,
				97E30F9628469A790084B3E6 /* Release */,
			);
			defaultConfigurationIsVisible = 0;
			defaultConfigurationName = Release;
		};
/* End XCConfigurationList section */

/* Begin XCVersionGroup section */
		97E30F8928469A760084B3E6 /* HackerNews.xcdatamodeld */ = {
			isa = XCVersionGroup;
			children = (
				97E30F8A28469A760084B3E6 /* reign.xcdatamodel */,
			);
			currentVersion = 97E30F8A28469A760084B3E6 /* reign.xcdatamodel */;
			path = HackerNews.xcdatamodeld;
			sourceTree = "<group>";
			versionGroupType = wrapper.xcdatamodel;
		};
/* End XCVersionGroup section */
	};
	rootObject = 97E30F7528469A750084B3E6 /* Project object */;
}
